{
  "version": 4,
  "terraform_version": "1.7.5",
  "serial": 8,
  "lineage": "6c16e3ab-f9b8-a59d-d76f-4b7c5a9bcfe9",
  "outputs": {},
  "resources": [
    {
      "mode": "managed",
      "type": "helm_release",
      "name": "nats",
      "provider": "provider[\"registry.terraform.io/hashicorp/helm\"]",
      "instances": [
        {
          "status": "tainted",
          "schema_version": 1,
          "attributes": {
            "atomic": false,
            "chart": "./nats",
            "cleanup_on_fail": false,
            "create_namespace": true,
            "dependency_update": false,
            "description": null,
            "devel": null,
            "disable_crd_hooks": false,
            "disable_openapi_validation": false,
            "disable_webhooks": false,
            "force_update": false,
            "id": "nats",
            "keyring": null,
            "lint": false,
            "manifest": null,
            "max_history": 0,
            "metadata": [
              {
                "app_version": "2.9.17",
                "chart": "nats",
                "name": "nats",
                "namespace": "default",
                "revision": 1,
                "values": "{\"cluster\":{\"authorization\":{\"password\":\"admin\",\"timeout\":0,\"user\":\"admin\"},\"enabled\":true,\"noAdvertise\":true,\"replicas\":1},\"jetstream\":{\"enabled\":true}}",
                "version": "0.19.14"
              }
            ],
            "name": "nats",
            "namespace": "default",
            "pass_credentials": false,
            "postrender": [],
            "recreate_pods": false,
            "render_subchart_notes": true,
            "replace": false,
            "repository": null,
            "repository_ca_file": null,
            "repository_cert_file": null,
            "repository_key_file": null,
            "repository_password": null,
            "repository_username": null,
            "reset_values": false,
            "reuse_values": false,
            "set": [],
            "set_list": [],
            "set_sensitive": [],
            "skip_crds": false,
            "status": "failed",
            "timeout": 300,
            "values": [
              "jetstream:\r\n  enabled: true\r\n\r\ncluster:\r\n  enabled: true\r\n  replicas: 1\r\n  noAdvertise: true\r\n\r\n  authorization:\r\n    user: admin\r\n    password: admin\r\n    timeout: 0\r\n\r\n# leafnodes:\r\n#   enabled: true\r\n#   noAdvertise: true\r\n"
            ],
            "verify": false,
            "version": "0.19.14",
            "wait": true,
            "wait_for_jobs": false
          },
          "sensitive_attributes": [],
          "private": "eyJzY2hlbWFfdmVyc2lvbiI6IjEifQ=="
        }
      ]
    }
  ],
  "check_results": null
}
